<?xml version="1.0" encoding="utf-8"?>
<Project ToolsVersion="17.0" xmlns="http://schemas.microsoft.com/developer/msbuild/2003">
  <ItemGroup>
    <ClCompile Include="C:\Users\Kahle\Desktop\XPF\Source\XPFLauncher\main.cpp">
      <Filter>Source Files</Filter>
    </ClCompile>
  </ItemGroup>
  <ItemGroup>
    <CustomBuild Include="C:\Users\Kahle\Desktop\XPF\Source\XPFLauncher\CMakeLists.txt" />
  </ItemGroup>
  <ItemGroup>
    <Filter Include="Source Files">
      <UniqueIdentifier>{237910C0-6306-330F-A535-D7D8973F05A4}</UniqueIdentifier>
    </Filter>
  </ItemGroup>
</Project>
